
Microsoft Visual Studio Solution File, Format Version 12.00
# Visual Studio 15
VisualStudioVersion = 15.0.26730.16
MinimumVisualStudioVersion = 10.0.40219.1
Project("{FAE04EC0-301F-11D3-BF4B-00C04F79EFBC}") = "CustomerProject", "CustomerProject\CustomerProject.csproj", "{0ED5A9F5-90AE-4B78-8CEA-D93F9BC7CE5F}"
EndProject
Project("{FAE04EC0-301F-11D3-BF4B-00C04F79EFBC}") = "CustomerProject.Tests", "CustomerProject.Tests\CustomerProject.Tests.csproj", "{9A044353-1BC2-4C5C-9BAD-15D063E974F2}"
EndProject
Global
	GlobalSection(SolutionConfigurationPlatforms) = preSolution
		Debug|Any CPU = Debug|Any CPU
		Release|Any CPU = Release|Any CPU
	EndGlobalSection
	GlobalSection(ProjectConfigurationPlatforms) = postSolution
		{0ED5A9F5-90AE-4B78-8CEA-D93F9BC7CE5F}.Debug|Any CPU.ActiveCfg = Debug|Any CPU
		{0ED5A9F5-90AE-4B78-8CEA-D93F9BC7CE5F}.Debug|Any CPU.Build.0 = Debug|Any CPU
		{0ED5A9F5-90AE-4B78-8CEA-D93F9BC7CE5F}.Release|Any CPU.ActiveCfg = Release|Any CPU
		{0ED5A9F5-90AE-4B78-8CEA-D93F9BC7CE5F}.Release|Any CPU.Build.0 = Release|Any CPU
		{9A044353-1BC2-4C5C-9BAD-15D063E974F2}.Debug|Any CPU.ActiveCfg = Debug|Any CPU
		{9A044353-1BC2-4C5C-9BAD-15D063E974F2}.Debug|Any CPU.Build.0 = Debug|Any CPU
		{9A044353-1BC2-4C5C-9BAD-15D063E974F2}.Release|Any CPU.ActiveCfg = Release|Any CPU
		{9A044353-1BC2-4C5C-9BAD-15D063E974F2}.Release|Any CPU.Build.0 = Release|Any CPU
	EndGlobalSection
	GlobalSection(SolutionProperties) = preSolution
		HideSolutionNode = FALSE
	EndGlobalSection
	GlobalSection(ExtensibilityGlobals) = postSolution
		SolutionGuid = {2C8665C2-C313-4523-A4DC-FC429957BA0C}
	EndGlobalSection
EndGlobal
